// !$*UTF8*$!
{
	archiveVersion = 1;
	classes = {
	};
	objectVersion = 51;
	objects = {

/* Begin PBXBuildFile section */
		C1DB823E736799B1EB98773A /* Pods_NewsApp.framework in Frameworks */ = {isa = PBXBuildFile; fileRef = 8E2888BD878A971FDE252EA9 /* Pods_NewsApp.framework */; };
		D325169F264D096E0099593B /* AppDelegate.swift in Sources */ = {isa = PBXBuildFile; fileRef = D325169E264D096E0099593B /* AppDelegate.swift */; };
		D32516A3264D096E0099593B /* NewsViewController.swift in Sources */ = {isa = PBXBuildFile; fileRef = D32516A2264D096E0099593B /* NewsViewController.swift */; };
		D32516A6264D096E0099593B /* Main.storyboard in Resources */ = {isa = PBXBuildFile; fileRef = D32516A4264D096E0099593B /* Main.storyboard */; };
		D32516A9264D096E0099593B /* NewsApp.xcdatamodeld in Sources */ = {isa = PBXBuildFile; fileRef = D32516A7264D096E0099593B /* NewsApp.xcdatamodeld */; };
		D32516AB264D09720099593B /* Assets.xcassets in Resources */ = {isa = PBXBuildFile; fileRef = D32516AA264D09720099593B /* Assets.xcassets */; };
		D32516AE264D09720099593B /* LaunchScreen.storyboard in Resources */ = {isa = PBXBuildFile; fileRef = D32516AC264D09720099593B /* LaunchScreen.storyboard */; };
		D32516B7264D0A1F0099593B /* NewsCell.swift in Sources */ = {isa = PBXBuildFile; fileRef = D32516B6264D0A1F0099593B /* NewsCell.swift */; };
		D341EE07264D41FC00EDCAE9 /* NetworkNewsManager.swift in Sources */ = {isa = PBXBuildFile; fileRef = D341EE06264D41FC00EDCAE9 /* NetworkNewsManager.swift */; };
		D341EE0A264D44E500EDCAE9 /* NewsData.swift in Sources */ = {isa = PBXBuildFile; fileRef = D341EE09264D44E500EDCAE9 /* NewsData.swift */; };
		D341EE0D264D555600EDCAE9 /* EndpointProtocol.swift in Sources */ = {isa = PBXBuildFile; fileRef = D341EE0C264D555600EDCAE9 /* EndpointProtocol.swift */; };
		D341EE10264E523C00EDCAE9 /* NewsEndpoint.swift in Sources */ = {isa = PBXBuildFile; fileRef = D341EE0F264E523C00EDCAE9 /* NewsEndpoint.swift */; };
		D341EE13264E6C3A00EDCAE9 /* MyError.swift in Sources */ = {isa = PBXBuildFile; fileRef = D341EE12264E6C3A00EDCAE9 /* MyError.swift */; };
		D3FEA81C265A6A6F00BDD3DC /* News+CoreDataProperties.swift in Sources */ = {isa = PBXBuildFile; fileRef = D3FEA81A265A6A6F00BDD3DC /* News+CoreDataProperties.swift */; };
		D3FEA81D265A6A6F00BDD3DC /* News+CoreDataClass.swift in Sources */ = {isa = PBXBuildFile; fileRef = D3FEA81B265A6A6F00BDD3DC /* News+CoreDataClass.swift */; };
/* End PBXBuildFile section */

/* Begin PBXFileReference section */
		2EA016A77E6D7BD7CDA7559D /* Pods-NewsApp.debug.xcconfig */ = {isa = PBXFileReference; includeInIndex = 1; lastKnownFileType = text.xcconfig; name = "Pods-NewsApp.debug.xcconfig"; path = "Target Support Files/Pods-NewsApp/Pods-NewsApp.debug.xcconfig"; sourceTree = "<group>"; };
		4518F929E78D2C5245A24C9B /* Pods-NewsApp.release.xcconfig */ = {isa = PBXFileReference; includeInIndex = 1; lastKnownFileType = text.xcconfig; name = "Pods-NewsApp.release.xcconfig"; path = "Target Support Files/Pods-NewsApp/Pods-NewsApp.release.xcconfig"; sourceTree = "<group>"; };
		8E2888BD878A971FDE252EA9 /* Pods_NewsApp.framework */ = {isa = PBXFileReference; explicitFileType = wrapper.framework; includeInIndex = 0; path = Pods_NewsApp.framework; sourceTree = BUILT_PRODUCTS_DIR; };
		D325169B264D096E0099593B /* NewsApp.app */ = {isa = PBXFileReference; explicitFileType = wrapper.application; includeInIndex = 0; path = NewsApp.app; sourceTree = BUILT_PRODUCTS_DIR; };
		D325169E264D096E0099593B /* AppDelegate.swift */ = {isa = PBXFileReference; lastKnownFileType = sourcecode.swift; path = AppDelegate.swift; sourceTree = "<group>"; };
		D32516A2264D096E0099593B /* NewsViewController.swift */ = {isa = PBXFileReference; lastKnownFileType = sourcecode.swift; path = NewsViewController.swift; sourceTree = "<group>"; };
		D32516A5264D096E0099593B /* Base */ = {isa = PBXFileReference; lastKnownFileType = file.storyboard; name = Base; path = Base.lproj/Main.storyboard; sourceTree = "<group>"; };
		D32516A8264D096E0099593B /* NewsApp.xcdatamodel */ = {isa = PBXFileReference; lastKnownFileType = wrapper.xcdatamodel; path = NewsApp.xcdatamodel; sourceTree = "<group>"; };
		D32516AA264D09720099593B /* Assets.xcassets */ = {isa = PBXFileReference; lastKnownFileType = folder.assetcatalog; path = Assets.xcassets; sourceTree = "<group>"; };
		D32516AD264D09720099593B /* Base */ = {isa = PBXFileReference; lastKnownFileType = file.storyboard; name = Base; path = Base.lproj/LaunchScreen.storyboard; sourceTree = "<group>"; };
		D32516AF264D09720099593B /* Info.plist */ = {isa = PBXFileReference; lastKnownFileType = text.plist.xml; path = Info.plist; sourceTree = "<group>"; };
		D32516B6264D0A1F0099593B /* NewsCell.swift */ = {isa = PBXFileReference; lastKnownFileType = sourcecode.swift; path = NewsCell.swift; sourceTree = "<group>"; };
		D341EE06264D41FC00EDCAE9 /* NetworkNewsManager.swift */ = {isa = PBXFileReference; lastKnownFileType = sourcecode.swift; path = NetworkNewsManager.swift; sourceTree = "<group>"; };
		D341EE09264D44E500EDCAE9 /* NewsData.swift */ = {isa = PBXFileReference; lastKnownFileType = sourcecode.swift; path = NewsData.swift; sourceTree = "<group>"; };
		D341EE0C264D555600EDCAE9 /* EndpointProtocol.swift */ = {isa = PBXFileReference; lastKnownFileType = sourcecode.swift; path = EndpointProtocol.swift; sourceTree = "<group>"; };
		D341EE0F264E523C00EDCAE9 /* NewsEndpoint.swift */ = {isa = PBXFileReference; lastKnownFileType = sourcecode.swift; path = NewsEndpoint.swift; sourceTree = "<group>"; };
		D341EE12264E6C3A00EDCAE9 /* MyError.swift */ = {isa = PBXFileReference; lastKnownFileType = sourcecode.swift; path = MyError.swift; sourceTree = "<group>"; };
		D3FEA81A265A6A6F00BDD3DC /* News+CoreDataProperties.swift */ = {isa = PBXFileReference; fileEncoding = 4; lastKnownFileType = sourcecode.swift; path = "News+CoreDataProperties.swift"; sourceTree = "<group>"; };
		D3FEA81B265A6A6F00BDD3DC /* News+CoreDataClass.swift */ = {isa = PBXFileReference; fileEncoding = 4; lastKnownFileType = sourcecode.swift; path = "News+CoreDataClass.swift"; sourceTree = "<group>"; };
/* End PBXFileReference section */

/* Begin PBXFrameworksBuildPhase section */
		D3251698264D096E0099593B /* Frameworks */ = {
			isa = PBXFrameworksBuildPhase;
			buildActionMask = 2147483647;
			files = (
				C1DB823E736799B1EB98773A /* Pods_NewsApp.framework in Frameworks */,
			);
			runOnlyForDeploymentPostprocessing = 0;
		};
/* End PBXFrameworksBuildPhase section */

/* Begin PBXGroup section */
		7F270B34A8AA7A14B2015ACC /* Frameworks */ = {
			isa = PBXGroup;
			children = (
				8E2888BD878A971FDE252EA9 /* Pods_NewsApp.framework */,
			);
			name = Frameworks;
			sourceTree = "<group>";
		};
		C40F2B13D51086BE618090F5 /* Pods */ = {
			isa = PBXGroup;
			children = (
				2EA016A77E6D7BD7CDA7559D /* Pods-NewsApp.debug.xcconfig */,
				4518F929E78D2C5245A24C9B /* Pods-NewsApp.release.xcconfig */,
			);
			path = Pods;
			sourceTree = "<group>";
		};
		D3251692264D096E0099593B = {
			isa = PBXGroup;
			children = (
				D325169D264D096E0099593B /* NewsApp */,
				D325169C264D096E0099593B /* Products */,
				C40F2B13D51086BE618090F5 /* Pods */,
				7F270B34A8AA7A14B2015ACC /* Frameworks */,
			);
			sourceTree = "<group>";
		};
		D325169C264D096E0099593B /* Products */ = {
			isa = PBXGroup;
			children = (
				D325169B264D096E0099593B /* NewsApp.app */,
			);
			name = Products;
			sourceTree = "<group>";
		};
		D325169D264D096E0099593B /* NewsApp */ = {
			isa = PBXGroup;
			children = (
				D3582F89264D11D800247313 /* Application */,
				D3582F8D264D120600247313 /* News */,
				D3582F91264D133C00247313 /* Supporting files */,
			);
			path = NewsApp;
			sourceTree = "<group>";
		};
		D3582F89264D11D800247313 /* Application */ = {
			isa = PBXGroup;
			children = (
				D3582F8C264D11F800247313 /* Model */,
				D3582F8B264D11F100247313 /* View */,
				D3582F8A264D11E700247313 /* Controller */,
			);
			path = Application;
			sourceTree = "<group>";
		};
		D3582F8A264D11E700247313 /* Controller */ = {
			isa = PBXGroup;
			children = (
				D325169E264D096E0099593B /* AppDelegate.swift */,
			);
			path = Controller;
			sourceTree = "<group>";
		};
		D3582F8B264D11F100247313 /* View */ = {
			isa = PBXGroup;
			children = (
				D32516AC264D09720099593B /* LaunchScreen.storyboard */,
			);
			path = View;
			sourceTree = "<group>";
		};
		D3582F8C264D11F800247313 /* Model */ = {
			isa = PBXGroup;
			children = (
				D341EE06264D41FC00EDCAE9 /* NetworkNewsManager.swift */,
				D341EE09264D44E500EDCAE9 /* NewsData.swift */,
				D341EE0C264D555600EDCAE9 /* EndpointProtocol.swift */,
				D341EE0F264E523C00EDCAE9 /* NewsEndpoint.swift */,
				D341EE12264E6C3A00EDCAE9 /* MyError.swift */,
			);
			path = Model;
			sourceTree = "<group>";
		};
		D3582F8D264D120600247313 /* News */ = {
			isa = PBXGroup;
			children = (
				D3582F90264D121E00247313 /* Model */,
				D3582F8F264D121700247313 /* View */,
				D3582F8E264D120C00247313 /* Controller */,
			);
			path = News;
			sourceTree = "<group>";
		};
		D3582F8E264D120C00247313 /* Controller */ = {
			isa = PBXGroup;
			children = (
				D32516A2264D096E0099593B /* NewsViewController.swift */,
			);
			path = Controller;
			sourceTree = "<group>";
		};
		D3582F8F264D121700247313 /* View */ = {
			isa = PBXGroup;
			children = (
				D32516A4264D096E0099593B /* Main.storyboard */,
				D32516B6264D0A1F0099593B /* NewsCell.swift */,
			);
			path = View;
			sourceTree = "<group>";
		};
		D3582F90264D121E00247313 /* Model */ = {
			isa = PBXGroup;
			children = (
				D3FEA81B265A6A6F00BDD3DC /* News+CoreDataClass.swift */,
				D3FEA81A265A6A6F00BDD3DC /* News+CoreDataProperties.swift */,
			);
			path = Model;
			sourceTree = "<group>";
		};
		D3582F91264D133C00247313 /* Supporting files */ = {
			isa = PBXGroup;
			children = (
				D32516AA264D09720099593B /* Assets.xcassets */,
				D32516AF264D09720099593B /* Info.plist */,
				D32516A7264D096E0099593B /* NewsApp.xcdatamodeld */,
			);
			path = "Supporting files";
			sourceTree = "<group>";
		};
/* End PBXGroup section */

/* Begin PBXNativeTarget section */
		D325169A264D096E0099593B /* NewsApp */ = {
			isa = PBXNativeTarget;
			buildConfigurationList = D32516B2264D09720099593B /* Build configuration list for PBXNativeTarget "NewsApp" */;
			buildPhases = (
				A6383466ABB54403E36B3F1E /* [CP] Check Pods Manifest.lock */,
				D3251697264D096E0099593B /* Sources */,
				D3251698264D096E0099593B /* Frameworks */,
				D3251699264D096E0099593B /* Resources */,
				F96B8CBB50687C28D43C6D54 /* [CP] Embed Pods Frameworks */,
			);
			buildRules = (
			);
			dependencies = (
			);
			name = NewsApp;
			productName = NewsApp;
			productReference = D325169B264D096E0099593B /* NewsApp.app */;
			productType = "com.apple.product-type.application";
		};
/* End PBXNativeTarget section */

/* Begin PBXProject section */
		D3251693264D096E0099593B /* Project object */ = {
			isa = PBXProject;
			attributes = {
				LastSwiftUpdateCheck = 1220;
				LastUpgradeCheck = 1220;
				TargetAttributes = {
					D325169A264D096E0099593B = {
						CreatedOnToolsVersion = 12.2;
					};
				};
			};
			buildConfigurationList = D3251696264D096E0099593B /* Build configuration list for PBXProject "NewsApp" */;
			compatibilityVersion = "Xcode 9.3";
			developmentRegion = en;
			hasScannedForEncodings = 0;
			knownRegions = (
				en,
				Base,
			);
			mainGroup = D3251692264D096E0099593B;
			productRefGroup = D325169C264D096E0099593B /* Products */;
			projectDirPath = "";
			projectRoot = "";
			targets = (
				D325169A264D096E0099593B /* NewsApp */,
			);
		};
/* End PBXProject section */

/* Begin PBXResourcesBuildPhase section */
		D3251699264D096E0099593B /* Resources */ = {
			isa = PBXResourcesBuildPhase;
			buildActionMask = 2147483647;
			files = (
				D32516AE264D09720099593B /* LaunchScreen.storyboard in Resources */,
				D32516AB264D09720099593B /* Assets.xcassets in Resources */,
				D32516A6264D096E0099593B /* Main.storyboard in Resources */,
			);
			runOnlyForDeploymentPostprocessing = 0;
		};
/* End PBXResourcesBuildPhase section */

/* Begin PBXShellScriptBuildPhase section */
		A6383466ABB54403E36B3F1E /* [CP] Check Pods Manifest.lock */ = {
			isa = PBXShellScriptBuildPhase;
			buildActionMask = 2147483647;
			files = (
			);
			inputFileListPaths = (
			);
			inputPaths = (
				"${PODS_PODFILE_DIR_PATH}/Podfile.lock",
				"${PODS_ROOT}/Manifest.lock",
			);
			name = "[CP] Check Pods Manifest.lock";
			outputFileListPaths = (
			);
			outputPaths = (
				"$(DERIVED_FILE_DIR)/Pods-NewsApp-checkManifestLockResult.txt",
			);
			runOnlyForDeploymentPostprocessing = 0;
			shellPath = /bin/sh;
			shellScript = "diff \"${PODS_PODFILE_DIR_PATH}/Podfile.lock\" \"${PODS_ROOT}/Manifest.lock\" > /dev/null\nif [ $? != 0 ] ; then\n    # print error to STDERR\n    echo \"error: The sandbox is not in sync with the Podfile.lock. Run 'pod install' or update your CocoaPods installation.\" >&2\n    exit 1\nfi\n# This output is used by Xcode 'outputs' to avoid re-running this script phase.\necho \"SUCCESS\" > \"${SCRIPT_OUTPUT_FILE_0}\"\n";
			showEnvVarsInLog = 0;
		};
		F96B8CBB50687C28D43C6D54 /* [CP] Embed Pods Frameworks */ = {
			isa = PBXShellScriptBuildPhase;
			buildActionMask = 2147483647;
			files = (
			);
			inputFileListPaths = (
				"${PODS_ROOT}/Target Support Files/Pods-NewsApp/Pods-NewsApp-frameworks-${CONFIGURATION}-input-files.xcfilelist",
			);
			name = "[CP] Embed Pods Frameworks";
			outputFileListPaths = (
				"${PODS_ROOT}/Target Support Files/Pods-NewsApp/Pods-NewsApp-frameworks-${CONFIGURATION}-output-files.xcfilelist",
			);
			runOnlyForDeploymentPostprocessing = 0;
			shellPath = /bin/sh;
			shellScript = "\"${PODS_ROOT}/Target Support Files/Pods-NewsApp/Pods-NewsApp-frameworks.sh\"\n";
			showEnvVarsInLog = 0;
		};
/* End PBXShellScriptBuildPhase section */

/* Begin PBXSourcesBuildPhase section */
		D3251697264D096E0099593B /* Sources */ = {
			isa = PBXSourcesBuildPhase;
			buildActionMask = 2147483647;
			files = (
				D341EE10264E523C00EDCAE9 /* NewsEndpoint.swift in Sources */,
				D32516B7264D0A1F0099593B /* NewsCell.swift in Sources */,
				D3FEA81C265A6A6F00BDD3DC /* News+CoreDataProperties.swift in Sources */,
				D3FEA81D265A6A6F00BDD3DC /* News+CoreDataClass.swift in Sources */,
				D32516A3264D096E0099593B /* NewsViewController.swift in Sources */,
				D341EE07264D41FC00EDCAE9 /* NetworkNewsManager.swift in Sources */,
				D341EE0D264D555600EDCAE9 /* EndpointProtocol.swift in Sources */,
				D325169F264D096E0099593B /* AppDelegate.swift in Sources */,
				D32516A9264D096E0099593B /* NewsApp.xcdatamodeld in Sources */,
				D341EE13264E6C3A00EDCAE9 /* MyError.swift in Sources */,
				D341EE0A264D44E500EDCAE9 /* NewsData.swift in Sources */,
			);
			runOnlyForDeploymentPostprocessing = 0;
		};
/* End PBXSourcesBuildPhase section */

/* Begin PBXVariantGroup section */
		D32516A4264D096E0099593B /* Main.storyboard */ = {
			isa = PBXVariantGroup;
			children = (
				D32516A5264D096E0099593B /* Base */,
			);
			name = Main.storyboard;
			sourceTree = "<group>";
		};
		D32516AC264D09720099593B /* LaunchScreen.storyboard */ = {
			isa = PBXVariantGroup;
			children = (
				D32516AD264D09720099593B /* Base */,
			);
			name = LaunchScreen.storyboard;
			sourceTree = "<group>";
		};
/* End PBXVariantGroup section */

/* Begin XCBuildConfiguration section */
		D32516B0264D09720099593B /* Debug */ = {
			isa = XCBuildConfiguration;
			buildSettings = {
				ALWAYS_SEARCH_USER_PATHS = NO;
				CLANG_ANALYZER_NONNULL = YES;
				CLANG_ANALYZER_NUMBER_OBJECT_CONVERSION = YES_AGGRESSIVE;
				CLANG_CXX_LANGUAGE_STANDARD = "gnu++14";
				CLANG_CXX_LIBRARY = "libc++";
				CLANG_ENABLE_MODULES = YES;
				CLANG_ENABLE_OBJC_ARC = YES;
				CLANG_ENABLE_OBJC_WEAK = YES;
				CLANG_WARN_BLOCK_CAPTURE_AUTORELEASING = YES;
				CLANG_WARN_BOOL_CONVERSION = YES;
				CLANG_WARN_COMMA = YES;
				CLANG_WARN_CONSTANT_CONVERSION = YES;
				CLANG_WARN_DEPRECATED_OBJC_IMPLEMENTATIONS = YES;
				CLANG_WARN_DIRECT_OBJC_ISA_USAGE = YES_ERROR;
				CLANG_WARN_DOCUMENTATION_COMMENTS = YES;
				CLANG_WARN_EMPTY_BODY = YES;
				CLANG_WARN_ENUM_CONVERSION = YES;
				CLANG_WARN_INFINITE_RECURSION = YES;
				CLANG_WARN_INT_CONVERSION = YES;
				CLANG_WARN_NON_LITERAL_NULL_CONVERSION = YES;
				CLANG_WARN_OBJC_IMPLICIT_RETAIN_SELF = YES;
				CLANG_WARN_OBJC_LITERAL_CONVERSION = YES;
				CLANG_WARN_OBJC_ROOT_CLASS = YES_ERROR;
				CLANG_WARN_QUOTED_INCLUDE_IN_FRAMEWORK_HEADER = YES;
				CLANG_WARN_RANGE_LOOP_ANALYSIS = YES;
				CLANG_WARN_STRICT_PROTOTYPES = YES;
				CLANG_WARN_SUSPICIOUS_MOVE = YES;
				CLANG_WARN_UNGUARDED_AVAILABILITY = YES_AGGRESSIVE;
				CLANG_WARN_UNREACHABLE_CODE = YES;
				CLANG_WARN__DUPLICATE_METHOD_MATCH = YES;
				COPY_PHASE_STRIP = NO;
				DEBUG_INFORMATION_FORMAT = dwarf;
				ENABLE_STRICT_OBJC_MSGSEND = YES;
				ENABLE_TESTABILITY = YES;
				GCC_C_LANGUAGE_STANDARD = gnu11;
				GCC_DYNAMIC_NO_PIC = NO;
				GCC_NO_COMMON_BLOCKS = YES;
				GCC_OPTIMIZATION_LEVEL = 0;
				GCC_PREPROCESSOR_DEFINITIONS = (
					"DEBUG=1",
					"$(inherited)",
				);
				GCC_WARN_64_TO_32_BIT_CONVERSION = YES;
				GCC_WARN_ABOUT_RETURN_TYPE = YES_ERROR;
				GCC_WARN_UNDECLARED_SELECTOR = YES;
				GCC_WARN_UNINITIALIZED_AUTOS = YES_AGGRESSIVE;
				GCC_WARN_UNUSED_FUNCTION = YES;
				GCC_WARN_UNUSED_VARIABLE = YES;
				IPHONEOS_DEPLOYMENT_TARGET = 14.2;
				MTL_ENABLE_DEBUG_INFO = INCLUDE_SOURCE;
				MTL_FAST_MATH = YES;
				ONLY_ACTIVE_ARCH = YES;
				SDKROOT = iphoneos;
				SWIFT_ACTIVE_COMPILATION_CONDITIONS = DEBUG;
				SWIFT_OPTIMIZATION_LEVEL = "-Onone";
			};
			name = Debug;
		};
		D32516B1264D09720099593B /* Release */ = {
			isa = XCBuildConfiguration;
			buildSettings = {
				ALWAYS_SEARCH_USER_PATHS = NO;
				CLANG_ANALYZER_NONNULL = YES;
				CLANG_ANALYZER_NUMBER_OBJECT_CONVERSION = YES_AGGRESSIVE;
				CLANG_CXX_LANGUAGE_STANDARD = "gnu++14";
				CLANG_CXX_LIBRARY = "libc++";
				CLANG_ENABLE_MODULES = YES;
				CLANG_ENABLE_OBJC_ARC = YES;
				CLANG_ENABLE_OBJC_WEAK = YES;
				CLANG_WARN_BLOCK_CAPTURE_AUTORELEASING = YES;
				CLANG_WARN_BOOL_CONVERSION = YES;
				CLANG_WARN_COMMA = YES;
				CLANG_WARN_CONSTANT_CONVERSION = YES;
				CLANG_WARN_DEPRECATED_OBJC_IMPLEMENTATIONS = YES;
				CLANG_WARN_DIRECT_OBJC_ISA_USAGE = YES_ERROR;
				CLANG_WARN_DOCUMENTATION_COMMENTS = YES;
				CLANG_WARN_EMPTY_BODY = YES;
				CLANG_WARN_ENUM_CONVERSION = YES;
				CLANG_WARN_INFINITE_RECURSION = YES;
				CLANG_WARN_INT_CONVERSION = YES;
				CLANG_WARN_NON_LITERAL_NULL_CONVERSION = YES;
				CLANG_WARN_OBJC_IMPLICIT_RETAIN_SELF = YES;
				CLANG_WARN_OBJC_LITERAL_CONVERSION = YES;
				CLANG_WARN_OBJC_ROOT_CLASS = YES_ERROR;
				CLANG_WARN_QUOTED_INCLUDE_IN_FRAMEWORK_HEADER = YES;
				CLANG_WARN_RANGE_LOOP_ANALYSIS = YES;
				CLANG_WARN_STRICT_PROTOTYPES = YES;
				CLANG_WARN_SUSPICIOUS_MOVE = YES;
				CLANG_WARN_UNGUARDED_AVAILABILITY = YES_AGGRESSIVE;
				CLANG_WARN_UNREACHABLE_CODE = YES;
				CLANG_WARN__DUPLICATE_METHOD_MATCH = YES;
				COPY_PHASE_STRIP = NO;
				DEBUG_INFORMATION_FORMAT = "dwarf-with-dsym";
				ENABLE_NS_ASSERTIONS = NO;
				ENABLE_STRICT_OBJC_MSGSEND = YES;
				GCC_C_LANGUAGE_STANDARD = gnu11;
				GCC_NO_COMMON_BLOCKS = YES;
				GCC_WARN_64_TO_32_BIT_CONVERSION = YES;
				GCC_WARN_ABOUT_RETURN_TYPE = YES_ERROR;
				GCC_WARN_UNDECLARED_SELECTOR = YES;
				GCC_WARN_UNINITIALIZED_AUTOS = YES_AGGRESSIVE;
				GCC_WARN_UNUSED_FUNCTION = YES;
				GCC_WARN_UNUSED_VARIABLE = YES;
				IPHONEOS_DEPLOYMENT_TARGET = 14.2;
				MTL_ENABLE_DEBUG_INFO = NO;
				MTL_FAST_MATH = YES;
				SDKROOT = iphoneos;
				SWIFT_COMPILATION_MODE = wholemodule;
				SWIFT_OPTIMIZATION_LEVEL = "-O";
				VALIDATE_PRODUCT = YES;
			};
			name = Release;
		};
		D32516B3264D09720099593B /* Debug */ = {
			isa = XCBuildConfiguration;
			baseConfigurationReference = 2EA016A77E6D7BD7CDA7559D /* Pods-NewsApp.debug.xcconfig */;
			buildSettings = {
				ASSETCATALOG_COMPILER_APPICON_NAME = AppIcon;
				ASSETCATALOG_COMPILER_GLOBAL_ACCENT_COLOR_NAME = AccentColor;
				CODE_SIGN_STYLE = Automatic;
				INFOPLIST_FILE = "NewsApp/Supporting files/Info.plist";
				LD_RUNPATH_SEARCH_PATHS = (
					"$(inherited)",
					"@executable_path/Frameworks",
				);
				PRODUCT_BUNDLE_IDENTIFIER = com.shibaevaSvetlana.NewsApp;
				PRODUCT_NAME = "$(TARGET_NAME)";
				SWIFT_VERSION = 5.0;
				TARGETED_DEVICE_FAMILY = "1,2";
			};
			name = Debug;
		};
		D32516B4264D09720099593B /* Release */ = {
			isa = XCBuildConfiguration;
			baseConfigurationReference = 4518F929E78D2C5245A24C9B /* Pods-NewsApp.release.xcconfig */;
			buildSettings = {
				ASSETCATALOG_COMPILER_APPICON_NAME = AppIcon;
				ASSETCATALOG_COMPILER_GLOBAL_ACCENT_COLOR_NAME = AccentColor;
				CODE_SIGN_STYLE = Automatic;
				INFOPLIST_FILE = "NewsApp/Supporting files/Info.plist";
				LD_RUNPATH_SEARCH_PATHS = (
					"$(inherited)",
					"@executable_path/Frameworks",
				);
				PRODUCT_BUNDLE_IDENTIFIER = com.shibaevaSvetlana.NewsApp;
				PRODUCT_NAME = "$(TARGET_NAME)";
				SWIFT_VERSION = 5.0;
				TARGETED_DEVICE_FAMILY = "1,2";
			};
			name = Release;
		};
/* End XCBuildConfiguration section */

/* Begin XCConfigurationList section */
		D3251696264D096E0099593B /* Build configuration list for PBXProject "NewsApp" */ = {
			isa = XCConfigurationList;
			buildConfigurations = (
				D32516B0264D09720099593B /* Debug */,
				D32516B1264D09720099593B /* Release */,
			);
			defaultConfigurationIsVisible = 0;
			defaultConfigurationName = Release;
		};
		D32516B2264D09720099593B /* Build configuration list for PBXNativeTarget "NewsApp" */ = {
			isa = XCConfigurationList;
			buildConfigurations = (
				D32516B3264D09720099593B /* Debug */,
				D32516B4264D09720099593B /* Release */,
			);
			defaultConfigurationIsVisible = 0;
			defaultConfigurationName = Release;
		};
/* End XCConfigurationList section */

/* Begin XCVersionGroup section */
		D32516A7264D096E0099593B /* NewsApp.xcdatamodeld */ = {
			isa = XCVersionGroup;
			children = (
				D32516A8264D096E0099593B /* NewsApp.xcdatamodel */,
			);
			currentVersion = D32516A8264D096E0099593B /* NewsApp.xcdatamodel */;
			path = NewsApp.xcdatamodeld;
			sourceTree = "<group>";
			versionGroupType = wrapper.xcdatamodel;
		};
/* End XCVersionGroup section */
	};
	rootObject = D3251693264D096E0099593B /* Project object */;
}
